
Microsoft Visual Studio Solution File, Format Version 12.00
# Visual Studio Version 16
VisualStudioVersion = 16.0.29230.47
MinimumVisualStudioVersion = 10.0.40219.1
Project("{FAE04EC0-301F-11D3-BF4B-00C04F79EFBC}") = "EatFood.Android", "EatFood.Android\EatFood.Android.csproj", "{F8694ECB-C8B5-4242-A2E1-89364DD019EB}"
EndProject
Project("{FAE04EC0-301F-11D3-BF4B-00C04F79EFBC}") = "EatFood.iOS", "EatFood.iOS\EatFood.iOS.csproj", "{8501FB12-DC96-4206-AF9E-6CBEADF31F3D}"
EndProject
Project("{9A19103F-16F7-4668-BE54-9A1E7A4F7556}") = "EatFood", "EatFood\EatFood.csproj", "{356DFD58-426A-474C-8FA0-57DA350A0D10}"
EndProject
Global
	GlobalSection(SolutionConfigurationPlatforms) = preSolution
		Debug|Any CPU = Debug|Any CPU
		Debug|iPhone = Debug|iPhone
		Debug|iPhoneSimulator = Debug|iPhoneSimulator
		Release|Any CPU = Release|Any CPU
		Release|iPhone = Release|iPhone
		Release|iPhoneSimulator = Release|iPhoneSimulator
	EndGlobalSection
	GlobalSection(ProjectConfigurationPlatforms) = postSolution
		{F8694ECB-C8B5-4242-A2E1-89364DD019EB}.Debug|Any CPU.ActiveCfg = Debug|Any CPU
		{F8694ECB-C8B5-4242-A2E1-89364DD019EB}.Debug|Any CPU.Build.0 = Debug|Any CPU
		{F8694ECB-C8B5-4242-A2E1-89364DD019EB}.Debug|Any CPU.Deploy.0 = Debug|Any CPU
		{F8694ECB-C8B5-4242-A2E1-89364DD019EB}.Debug|iPhone.ActiveCfg = Debug|Any CPU
		{F8694ECB-C8B5-4242-A2E1-89364DD019EB}.Debug|iPhone.Build.0 = Debug|Any CPU
		{F8694ECB-C8B5-4242-A2E1-89364DD019EB}.Debug|iPhone.Deploy.0 = Debug|Any CPU
		{F8694ECB-C8B5-4242-A2E1-89364DD019EB}.Debug|iPhoneSimulator.ActiveCfg = Debug|Any CPU
		{F8694ECB-C8B5-4242-A2E1-89364DD019EB}.Debug|iPhoneSimulator.Build.0 = Debug|Any CPU
		{F8694ECB-C8B5-4242-A2E1-89364DD019EB}.Debug|iPhoneSimulator.Deploy.0 = Debug|Any CPU
		{F8694ECB-C8B5-4242-A2E1-89364DD019EB}.Release|Any CPU.ActiveCfg = Release|Any CPU
		{F8694ECB-C8B5-4242-A2E1-89364DD019EB}.Release|Any CPU.Build.0 = Release|Any CPU
		{F8694ECB-C8B5-4242-A2E1-89364DD019EB}.Release|Any CPU.Deploy.0 = Release|Any CPU
		{F8694ECB-C8B5-4242-A2E1-89364DD019EB}.Release|iPhone.ActiveCfg = Release|Any CPU
		{F8694ECB-C8B5-4242-A2E1-89364DD019EB}.Release|iPhone.Build.0 = Release|Any CPU
		{F8694ECB-C8B5-4242-A2E1-89364DD019EB}.Release|iPhone.Deploy.0 = Release|Any CPU
		{F8694ECB-C8B5-4242-A2E1-89364DD019EB}.Release|iPhoneSimulator.ActiveCfg = Release|Any CPU
		{F8694ECB-C8B5-4242-A2E1-89364DD019EB}.Release|iPhoneSimulator.Build.0 = Release|Any CPU
		{F8694ECB-C8B5-4242-A2E1-89364DD019EB}.Release|iPhoneSimulator.Deploy.0 = Release|Any CPU
		{8501FB12-DC96-4206-AF9E-6CBEADF31F3D}.Debug|Any CPU.ActiveCfg = Debug|iPhoneSimulator
		{8501FB12-DC96-4206-AF9E-6CBEADF31F3D}.Debug|Any CPU.Build.0 = Debug|iPhoneSimulator
		{8501FB12-DC96-4206-AF9E-6CBEADF31F3D}.Debug|Any CPU.Deploy.0 = Debug|iPhoneSimulator
		{8501FB12-DC96-4206-AF9E-6CBEADF31F3D}.Debug|iPhone.ActiveCfg = Debug|iPhone
		{8501FB12-DC96-4206-AF9E-6CBEADF31F3D}.Debug|iPhone.Build.0 = Debug|iPhone
		{8501FB12-DC96-4206-AF9E-6CBEADF31F3D}.Debug|iPhone.Deploy.0 = Debug|iPhone
		{8501FB12-DC96-4206-AF9E-6CBEADF31F3D}.Debug|iPhoneSimulator.ActiveCfg = Debug|iPhoneSimulator
		{8501FB12-DC96-4206-AF9E-6CBEADF31F3D}.Debug|iPhoneSimulator.Build.0 = Debug|iPhoneSimulator
		{8501FB12-DC96-4206-AF9E-6CBEADF31F3D}.Debug|iPhoneSimulator.Deploy.0 = Debug|iPhoneSimulator
		{8501FB12-DC96-4206-AF9E-6CBEADF31F3D}.Release|Any CPU.ActiveCfg = Release|iPhone
		{8501FB12-DC96-4206-AF9E-6CBEADF31F3D}.Release|Any CPU.Build.0 = Release|iPhone
		{8501FB12-DC96-4206-AF9E-6CBEADF31F3D}.Release|Any CPU.Deploy.0 = Release|iPhone
		{8501FB12-DC96-4206-AF9E-6CBEADF31F3D}.Release|iPhone.ActiveCfg = Release|iPhone
		{8501FB12-DC96-4206-AF9E-6CBEADF31F3D}.Release|iPhone.Build.0 = Release|iPhone
		{8501FB12-DC96-4206-AF9E-6CBEADF31F3D}.Release|iPhone.Deploy.0 = Release|iPhone
		{8501FB12-DC96-4206-AF9E-6CBEADF31F3D}.Release|iPhoneSimulator.ActiveCfg = Release|iPhoneSimulator
		{8501FB12-DC96-4206-AF9E-6CBEADF31F3D}.Release|iPhoneSimulator.Build.0 = Release|iPhoneSimulator
		{8501FB12-DC96-4206-AF9E-6CBEADF31F3D}.Release|iPhoneSimulator.Deploy.0 = Release|iPhoneSimulator
		{356DFD58-426A-474C-8FA0-57DA350A0D10}.Debug|Any CPU.ActiveCfg = Debug|Any CPU
		{356DFD58-426A-474C-8FA0-57DA350A0D10}.Debug|Any CPU.Build.0 = Debug|Any CPU
		{356DFD58-426A-474C-8FA0-57DA350A0D10}.Debug|Any CPU.Deploy.0 = Debug|Any CPU
		{356DFD58-426A-474C-8FA0-57DA350A0D10}.Debug|iPhone.ActiveCfg = Debug|Any CPU
		{356DFD58-426A-474C-8FA0-57DA350A0D10}.Debug|iPhone.Build.0 = Debug|Any CPU
		{356DFD58-426A-474C-8FA0-57DA350A0D10}.Debug|iPhone.Deploy.0 = Debug|Any CPU
		{356DFD58-426A-474C-8FA0-57DA350A0D10}.Debug|iPhoneSimulator.ActiveCfg = Debug|Any CPU
		{356DFD58-426A-474C-8FA0-57DA350A0D10}.Debug|iPhoneSimulator.Build.0 = Debug|Any CPU
		{356DFD58-426A-474C-8FA0-57DA350A0D10}.Debug|iPhoneSimulator.Deploy.0 = Debug|Any CPU
		{356DFD58-426A-474C-8FA0-57DA350A0D10}.Release|Any CPU.ActiveCfg = Release|Any CPU
		{356DFD58-426A-474C-8FA0-57DA350A0D10}.Release|Any CPU.Build.0 = Release|Any CPU
		{356DFD58-426A-474C-8FA0-57DA350A0D10}.Release|Any CPU.Deploy.0 = Release|Any CPU
		{356DFD58-426A-474C-8FA0-57DA350A0D10}.Release|iPhone.ActiveCfg = Release|Any CPU
		{356DFD58-426A-474C-8FA0-57DA350A0D10}.Release|iPhone.Build.0 = Release|Any CPU
		{356DFD58-426A-474C-8FA0-57DA350A0D10}.Release|iPhone.Deploy.0 = Release|Any CPU
		{356DFD58-426A-474C-8FA0-57DA350A0D10}.Release|iPhoneSimulator.ActiveCfg = Release|Any CPU
		{356DFD58-426A-474C-8FA0-57DA350A0D10}.Release|iPhoneSimulator.Build.0 = Release|Any CPU
		{356DFD58-426A-474C-8FA0-57DA350A0D10}.Release|iPhoneSimulator.Deploy.0 = Release|Any CPU
	EndGlobalSection
	GlobalSection(SolutionProperties) = preSolution
		HideSolutionNode = FALSE
	EndGlobalSection
	GlobalSection(ExtensibilityGlobals) = postSolution
		SolutionGuid = {B77E6CE7-1FC0-4734-8A47-D6516CBBDBB0}
	EndGlobalSection
EndGlobal
